
Microsoft Visual Studio Solution File, Format Version 12.00
# Visual Studio Version 17
VisualStudioVersion = 17.5.33516.290
MinimumVisualStudioVersion = 10.0.40219.1
Project("{FAE04EC0-301F-11D3-BF4B-00C04F79EFBC}") = "task2", "task2.csproj", "{A539D170-1DFD-4FD6-8C6F-074D96E42109}"
EndProject
Global
	GlobalSection(SolutionConfigurationPlatforms) = preSolution
		Debug|Any CPU = Debug|Any CPU
		Release|Any CPU = Release|Any CPU
	EndGlobalSection
	GlobalSection(ProjectConfigurationPlatforms) = postSolution
		{A539D170-1DFD-4FD6-8C6F-074D96E42109}.Debug|Any CPU.ActiveCfg = Debug|Any CPU
		{A539D170-1DFD-4FD6-8C6F-074D96E42109}.Debug|Any CPU.Build.0 = Debug|Any CPU
		{A539D170-1DFD-4FD6-8C6F-074D96E42109}.Release|Any CPU.ActiveCfg = Release|Any CPU
		{A539D170-1DFD-4FD6-8C6F-074D96E42109}.Release|Any CPU.Build.0 = Release|Any CPU
	EndGlobalSection
	GlobalSection(SolutionProperties) = preSolution
		HideSolutionNode = FALSE
	EndGlobalSection
	GlobalSection(ExtensibilityGlobals) = postSolution
		SolutionGuid = {51607733-9D3D-4171-B64C-2AB81691FC3E}
	EndGlobalSection
EndGlobal
