
Microsoft Visual Studio Solution File, Format Version 12.00
# Visual Studio Version 17
VisualStudioVersion = 17.5.33516.290
MinimumVisualStudioVersion = 10.0.40219.1
Project("{FAE04EC0-301F-11D3-BF4B-00C04F79EFBC}") = "task8", "task8.csproj", "{D2501E7B-1E1E-43F2-B3F4-F20EC829E18C}"
EndProject
Global
	GlobalSection(SolutionConfigurationPlatforms) = preSolution
		Debug|Any CPU = Debug|Any CPU
		Release|Any CPU = Release|Any CPU
	EndGlobalSection
	GlobalSection(ProjectConfigurationPlatforms) = postSolution
		{D2501E7B-1E1E-43F2-B3F4-F20EC829E18C}.Debug|Any CPU.ActiveCfg = Debug|Any CPU
		{D2501E7B-1E1E-43F2-B3F4-F20EC829E18C}.Debug|Any CPU.Build.0 = Debug|Any CPU
		{D2501E7B-1E1E-43F2-B3F4-F20EC829E18C}.Release|Any CPU.ActiveCfg = Release|Any CPU
		{D2501E7B-1E1E-43F2-B3F4-F20EC829E18C}.Release|Any CPU.Build.0 = Release|Any CPU
	EndGlobalSection
	GlobalSection(SolutionProperties) = preSolution
		HideSolutionNode = FALSE
	EndGlobalSection
	GlobalSection(ExtensibilityGlobals) = postSolution
		SolutionGuid = {5A0DAA5D-EC10-46DC-A942-FFD61D63E5B9}
	EndGlobalSection
EndGlobal
