
Microsoft Visual Studio Solution File, Format Version 12.00
# Visual Studio Version 17
VisualStudioVersion = 17.5.33516.290
MinimumVisualStudioVersion = 10.0.40219.1
Project("{FAE04EC0-301F-11D3-BF4B-00C04F79EFBC}") = "task10", "task10.csproj", "{C92AAD5C-7907-4FFB-80EF-9EF5A067E9AA}"
EndProject
Global
	GlobalSection(SolutionConfigurationPlatforms) = preSolution
		Debug|Any CPU = Debug|Any CPU
		Release|Any CPU = Release|Any CPU
	EndGlobalSection
	GlobalSection(ProjectConfigurationPlatforms) = postSolution
		{C92AAD5C-7907-4FFB-80EF-9EF5A067E9AA}.Debug|Any CPU.ActiveCfg = Debug|Any CPU
		{C92AAD5C-7907-4FFB-80EF-9EF5A067E9AA}.Debug|Any CPU.Build.0 = Debug|Any CPU
		{C92AAD5C-7907-4FFB-80EF-9EF5A067E9AA}.Release|Any CPU.ActiveCfg = Release|Any CPU
		{C92AAD5C-7907-4FFB-80EF-9EF5A067E9AA}.Release|Any CPU.Build.0 = Release|Any CPU
	EndGlobalSection
	GlobalSection(SolutionProperties) = preSolution
		HideSolutionNode = FALSE
	EndGlobalSection
	GlobalSection(ExtensibilityGlobals) = postSolution
		SolutionGuid = {2517C1EB-7A3A-4A8D-833A-A12BADE094AB}
	EndGlobalSection
EndGlobal
